
Microsoft Visual Studio Solution File, Format Version 12.00
Project("{FAE04EC0-301F-11D3-BF4B-00C04F79EFBC}") = "FlyAway.Domain", "FlyAway.Domain\FlyAway.Domain.csproj", "{C5C6D57B-037A-46D0-AB96-6969471720F2}"
EndProject
Project("{FAE04EC0-301F-11D3-BF4B-00C04F79EFBC}") = "FlyAway.Domain.Tests", "FlyAway.Domain.Tests\FlyAway.Domain.Tests.csproj", "{4A68638F-1FB3-4DE3-A866-8730B7289D0B}"
EndProject
Global
	GlobalSection(SolutionConfigurationPlatforms) = preSolution
		Debug|Any CPU = Debug|Any CPU
		Release|Any CPU = Release|Any CPU
	EndGlobalSection
	GlobalSection(ProjectConfigurationPlatforms) = postSolution
		{C5C6D57B-037A-46D0-AB96-6969471720F2}.Debug|Any CPU.ActiveCfg = Debug|Any CPU
		{C5C6D57B-037A-46D0-AB96-6969471720F2}.Debug|Any CPU.Build.0 = Debug|Any CPU
		{C5C6D57B-037A-46D0-AB96-6969471720F2}.Release|Any CPU.ActiveCfg = Release|Any CPU
		{C5C6D57B-037A-46D0-AB96-6969471720F2}.Release|Any CPU.Build.0 = Release|Any CPU
		{4A68638F-1FB3-4DE3-A866-8730B7289D0B}.Debug|Any CPU.ActiveCfg = Debug|Any CPU
		{4A68638F-1FB3-4DE3-A866-8730B7289D0B}.Debug|Any CPU.Build.0 = Debug|Any CPU
		{4A68638F-1FB3-4DE3-A866-8730B7289D0B}.Release|Any CPU.ActiveCfg = Release|Any CPU
		{4A68638F-1FB3-4DE3-A866-8730B7289D0B}.Release|Any CPU.Build.0 = Release|Any CPU
	EndGlobalSection
EndGlobal
